// !$*UTF8*$!
{
	archiveVersion = 1;
	classes = {
	};
	objectVersion = 50;
	objects = {

/* Begin PBXBuildFile section */
		751DF7B722558D6E00E9A464 /* Commandant.framework in Frameworks */ = {isa = PBXBuildFile; fileRef = 751DF7B522558D0C00E9A464 /* Commandant.framework */; };
		751DF7B822558D6E00E9A464 /* Commandant.framework in Embed Frameworks */ = {isa = PBXBuildFile; fileRef = 751DF7B522558D0C00E9A464 /* Commandant.framework */; settings = {ATTRIBUTES = (CodeSignOnCopy, RemoveHeadersOnCopy, ); }; };
		751DF7BA22558D7200E9A464 /* Yams.framework in Embed Frameworks */ = {isa = PBXBuildFile; fileRef = 751DF7B622558D0F00E9A464 /* Yams.framework */; settings = {ATTRIBUTES = (CodeSignOnCopy, RemoveHeadersOnCopy, ); }; };
		751DF7BC22558D7900E9A464 /* Yams.framework in Frameworks */ = {isa = PBXBuildFile; fileRef = 751DF7B622558D0F00E9A464 /* Yams.framework */; };
		751DF97C22559DD800E9A464 /* InitCommand.swift in Sources */ = {isa = PBXBuildFile; fileRef = 751DF97B22559DD800E9A464 /* InitCommand.swift */; };
		751DF9812255A4B300E9A464 /* Curry.framework in Frameworks */ = {isa = PBXBuildFile; fileRef = 751DF9802255A47000E9A464 /* Curry.framework */; };
		751DF9822255A4B300E9A464 /* Curry.framework in Embed Frameworks */ = {isa = PBXBuildFile; fileRef = 751DF9802255A47000E9A464 /* Curry.framework */; settings = {ATTRIBUTES = (CodeSignOnCopy, RemoveHeadersOnCopy, ); }; };
		751DF9882256203A00E9A464 /* NSString+Path.swift in Sources */ = {isa = PBXBuildFile; fileRef = 751DF9872256203A00E9A464 /* NSString+Path.swift */; };
		751DF98C225624CD00E9A464 /* Bootstrap.swift in Sources */ = {isa = PBXBuildFile; fileRef = 751DF98A2256236600E9A464 /* Bootstrap.swift */; };
		751DF98D2256254500E9A464 /* Bridge.swift in Sources */ = {isa = PBXBuildFile; fileRef = 751DF98422561EC700E9A464 /* Bridge.swift */; };
		7563DC6C22592644007E5184 /* InstallCommand.swift in Sources */ = {isa = PBXBuildFile; fileRef = 7563DC6B22592644007E5184 /* InstallCommand.swift */; };
		7563DC6E225ACFFE007E5184 /* RunCommand.swift in Sources */ = {isa = PBXBuildFile; fileRef = 7563DC6D225ACFFE007E5184 /* RunCommand.swift */; };
		7563DC71225AD4E9007E5184 /* HookRunner.swift in Sources */ = {isa = PBXBuildFile; fileRef = 7563DC6F225AD3EB007E5184 /* HookRunner.swift */; };
		7563DC73225AD4F7007E5184 /* HookRunnerError+String.swift in Sources */ = {isa = PBXBuildFile; fileRef = 7563DC72225AD4F7007E5184 /* HookRunnerError+String.swift */; };
		7563DC76225B7592007E5184 /* RegexEvaluator.swift in Sources */ = {isa = PBXBuildFile; fileRef = 7563DC74225B6900007E5184 /* RegexEvaluator.swift */; };
		7563DC7A225B75C9007E5184 /* String+Additions.swift in Sources */ = {isa = PBXBuildFile; fileRef = 7563DC78225B75A1007E5184 /* String+Additions.swift */; };
		7563DC7D225B7888007E5184 /* Result+Additions.swift in Sources */ = {isa = PBXBuildFile; fileRef = 7563DC7B225B7845007E5184 /* Result+Additions.swift */; };
		7563DC7F225B7967007E5184 /* RegexEvaluatorError+String.swift in Sources */ = {isa = PBXBuildFile; fileRef = 7563DC7E225B7967007E5184 /* RegexEvaluatorError+String.swift */; };
		7563DC81225C3FDB007E5184 /* CommandEvaluator.swift in Sources */ = {isa = PBXBuildFile; fileRef = 7563DC80225C3FDB007E5184 /* CommandEvaluator.swift */; };
		7563DC83225C41E5007E5184 /* CommandEvaluatorError+String.swift in Sources */ = {isa = PBXBuildFile; fileRef = 7563DC82225C41E5007E5184 /* CommandEvaluatorError+String.swift */; };
		7563DC86225E07EE007E5184 /* HookEvaluator.swift in Sources */ = {isa = PBXBuildFile; fileRef = 7563DC85225E07ED007E5184 /* HookEvaluator.swift */; };
		7571A7A32254D90900077C6D /* CaptainKit.framework in Frameworks */ = {isa = PBXBuildFile; fileRef = 7571A79C2254D90900077C6D /* CaptainKit.framework */; };
		7571A7A42254D90900077C6D /* CaptainKit.framework in Embed Frameworks */ = {isa = PBXBuildFile; fileRef = 7571A79C2254D90900077C6D /* CaptainKit.framework */; settings = {ATTRIBUTES = (CodeSignOnCopy, RemoveHeadersOnCopy, ); }; };
		7571A7AA2254DE1300077C6D /* main.swift in Sources */ = {isa = PBXBuildFile; fileRef = 7571A7A92254DE1300077C6D /* main.swift */; };
		75BF9E76225A7C3900FBD0D3 /* Installer.swift in Sources */ = {isa = PBXBuildFile; fileRef = 75BF9E75225A7C3900FBD0D3 /* Installer.swift */; };
		75BF9E79225A804700FBD0D3 /* Config.swift in Sources */ = {isa = PBXBuildFile; fileRef = 75BF9E78225A804700FBD0D3 /* Config.swift */; };
		75BF9E7E225A84D000FBD0D3 /* InstallerError+String.swift in Sources */ = {isa = PBXBuildFile; fileRef = 75BF9E7D225A84D000FBD0D3 /* InstallerError+String.swift */; };
		75BF9E81225A883900FBD0D3 /* GitHook.swift in Sources */ = {isa = PBXBuildFile; fileRef = 75BF9E7F225A86B200FBD0D3 /* GitHook.swift */; };
		75F76D0722622C020090BAA3 /* CustomHookEvaluator.swift in Sources */ = {isa = PBXBuildFile; fileRef = 75F76D0522622BF00090BAA3 /* CustomHookEvaluator.swift */; };
		75F76D0A22622C780090BAA3 /* CustomHookEvaluatorError+String.swift in Sources */ = {isa = PBXBuildFile; fileRef = 75F76D0822622C750090BAA3 /* CustomHookEvaluatorError+String.swift */; };
		75F931302256DC0900DCC7B1 /* CommandError.swift in Sources */ = {isa = PBXBuildFile; fileRef = 75F9312F2256DC0900DCC7B1 /* CommandError.swift */; };
		75F931332256E8D200DCC7B1 /* BootstrapError+String.swift in Sources */ = {isa = PBXBuildFile; fileRef = 75F931322256E8D200DCC7B1 /* BootstrapError+String.swift */; };
/* End PBXBuildFile section */

/* Begin PBXContainerItemProxy section */
		7571A7A12254D90900077C6D /* PBXContainerItemProxy */ = {
			isa = PBXContainerItemProxy;
			containerPortal = 7571A77E2254D7F000077C6D /* Project object */;
			proxyType = 1;
			remoteGlobalIDString = 7571A79B2254D90900077C6D;
			remoteInfo = CaptainKit;
		};
/* End PBXContainerItemProxy section */

/* Begin PBXCopyFilesBuildPhase section */
		7571A7A82254D90900077C6D /* Embed Frameworks */ = {
			isa = PBXCopyFilesBuildPhase;
			buildActionMask = 2147483647;
			dstPath = "";
			dstSubfolderSpec = 10;
			files = (
				751DF9822255A4B300E9A464 /* Curry.framework in Embed Frameworks */,
				751DF7BA22558D7200E9A464 /* Yams.framework in Embed Frameworks */,
				751DF7B822558D6E00E9A464 /* Commandant.framework in Embed Frameworks */,
				7571A7A42254D90900077C6D /* CaptainKit.framework in Embed Frameworks */,
			);
			name = "Embed Frameworks";
			runOnlyForDeploymentPostprocessing = 0;
		};
/* End PBXCopyFilesBuildPhase section */

/* Begin PBXFileReference section */
		751DF7B522558D0C00E9A464 /* Commandant.framework */ = {isa = PBXFileReference; explicitFileType = wrapper.framework; path = Commandant.framework; sourceTree = BUILT_PRODUCTS_DIR; };
		751DF7B622558D0F00E9A464 /* Yams.framework */ = {isa = PBXFileReference; explicitFileType = wrapper.framework; path = Yams.framework; sourceTree = BUILT_PRODUCTS_DIR; };
		751DF97B22559DD800E9A464 /* InitCommand.swift */ = {isa = PBXFileReference; lastKnownFileType = sourcecode.swift; path = InitCommand.swift; sourceTree = "<group>"; };
		751DF9802255A47000E9A464 /* Curry.framework */ = {isa = PBXFileReference; explicitFileType = wrapper.framework; path = Curry.framework; sourceTree = BUILT_PRODUCTS_DIR; };
		751DF98422561EC700E9A464 /* Bridge.swift */ = {isa = PBXFileReference; lastKnownFileType = sourcecode.swift; path = Bridge.swift; sourceTree = "<group>"; };
		751DF9872256203A00E9A464 /* NSString+Path.swift */ = {isa = PBXFileReference; lastKnownFileType = sourcecode.swift; path = "NSString+Path.swift"; sourceTree = "<group>"; };
		751DF98A2256236600E9A464 /* Bootstrap.swift */ = {isa = PBXFileReference; lastKnownFileType = sourcecode.swift; path = Bootstrap.swift; sourceTree = "<group>"; };
		7563DC6B22592644007E5184 /* InstallCommand.swift */ = {isa = PBXFileReference; lastKnownFileType = sourcecode.swift; path = InstallCommand.swift; sourceTree = "<group>"; };
		7563DC6D225ACFFE007E5184 /* RunCommand.swift */ = {isa = PBXFileReference; lastKnownFileType = sourcecode.swift; path = RunCommand.swift; sourceTree = "<group>"; };
		7563DC6F225AD3EB007E5184 /* HookRunner.swift */ = {isa = PBXFileReference; lastKnownFileType = sourcecode.swift; path = HookRunner.swift; sourceTree = "<group>"; };
		7563DC72225AD4F7007E5184 /* HookRunnerError+String.swift */ = {isa = PBXFileReference; lastKnownFileType = sourcecode.swift; path = "HookRunnerError+String.swift"; sourceTree = "<group>"; };
		7563DC74225B6900007E5184 /* RegexEvaluator.swift */ = {isa = PBXFileReference; lastKnownFileType = sourcecode.swift; path = RegexEvaluator.swift; sourceTree = "<group>"; };
		7563DC78225B75A1007E5184 /* String+Additions.swift */ = {isa = PBXFileReference; lastKnownFileType = sourcecode.swift; path = "String+Additions.swift"; sourceTree = "<group>"; };
		7563DC7B225B7845007E5184 /* Result+Additions.swift */ = {isa = PBXFileReference; lastKnownFileType = sourcecode.swift; path = "Result+Additions.swift"; sourceTree = "<group>"; };
		7563DC7E225B7967007E5184 /* RegexEvaluatorError+String.swift */ = {isa = PBXFileReference; lastKnownFileType = sourcecode.swift; path = "RegexEvaluatorError+String.swift"; sourceTree = "<group>"; };
		7563DC80225C3FDB007E5184 /* CommandEvaluator.swift */ = {isa = PBXFileReference; lastKnownFileType = sourcecode.swift; path = CommandEvaluator.swift; sourceTree = "<group>"; };
		7563DC82225C41E5007E5184 /* CommandEvaluatorError+String.swift */ = {isa = PBXFileReference; lastKnownFileType = sourcecode.swift; path = "CommandEvaluatorError+String.swift"; sourceTree = "<group>"; };
		7563DC85225E07ED007E5184 /* HookEvaluator.swift */ = {isa = PBXFileReference; lastKnownFileType = sourcecode.swift; path = HookEvaluator.swift; sourceTree = "<group>"; };
		7571A7862254D7F000077C6D /* captain.app */ = {isa = PBXFileReference; explicitFileType = wrapper.application; includeInIndex = 0; path = captain.app; sourceTree = BUILT_PRODUCTS_DIR; };
		7571A7902254D7F100077C6D /* Info.plist */ = {isa = PBXFileReference; lastKnownFileType = text.plist.xml; path = Info.plist; sourceTree = "<group>"; };
		7571A79C2254D90900077C6D /* CaptainKit.framework */ = {isa = PBXFileReference; explicitFileType = wrapper.framework; includeInIndex = 0; path = CaptainKit.framework; sourceTree = BUILT_PRODUCTS_DIR; };
		7571A79F2254D90900077C6D /* Info.plist */ = {isa = PBXFileReference; lastKnownFileType = text.plist.xml; path = Info.plist; sourceTree = "<group>"; };
		7571A7A92254DE1300077C6D /* main.swift */ = {isa = PBXFileReference; fileEncoding = 4; lastKnownFileType = sourcecode.swift; path = main.swift; sourceTree = "<group>"; };
		75BF9E75225A7C3900FBD0D3 /* Installer.swift */ = {isa = PBXFileReference; lastKnownFileType = sourcecode.swift; path = Installer.swift; sourceTree = "<group>"; };
		75BF9E78225A804700FBD0D3 /* Config.swift */ = {isa = PBXFileReference; lastKnownFileType = sourcecode.swift; path = Config.swift; sourceTree = "<group>"; };
		75BF9E7D225A84D000FBD0D3 /* InstallerError+String.swift */ = {isa = PBXFileReference; lastKnownFileType = sourcecode.swift; path = "InstallerError+String.swift"; sourceTree = "<group>"; };
		75BF9E7F225A86B200FBD0D3 /* GitHook.swift */ = {isa = PBXFileReference; lastKnownFileType = sourcecode.swift; path = GitHook.swift; sourceTree = "<group>"; };
		75F76D0522622BF00090BAA3 /* CustomHookEvaluator.swift */ = {isa = PBXFileReference; lastKnownFileType = sourcecode.swift; path = CustomHookEvaluator.swift; sourceTree = "<group>"; };
		75F76D0822622C750090BAA3 /* CustomHookEvaluatorError+String.swift */ = {isa = PBXFileReference; lastKnownFileType = sourcecode.swift; path = "CustomHookEvaluatorError+String.swift"; sourceTree = "<group>"; };
		75F9312F2256DC0900DCC7B1 /* CommandError.swift */ = {isa = PBXFileReference; lastKnownFileType = sourcecode.swift; path = CommandError.swift; sourceTree = "<group>"; };
		75F931322256E8D200DCC7B1 /* BootstrapError+String.swift */ = {isa = PBXFileReference; lastKnownFileType = sourcecode.swift; path = "BootstrapError+String.swift"; sourceTree = "<group>"; };
/* End PBXFileReference section */

/* Begin PBXFrameworksBuildPhase section */
		7571A7832254D7F000077C6D /* Frameworks */ = {
			isa = PBXFrameworksBuildPhase;
			buildActionMask = 2147483647;
			files = (
				751DF7B722558D6E00E9A464 /* Commandant.framework in Frameworks */,
				7571A7A32254D90900077C6D /* CaptainKit.framework in Frameworks */,
				751DF9812255A4B300E9A464 /* Curry.framework in Frameworks */,
			);
			runOnlyForDeploymentPostprocessing = 0;
		};
		7571A7992254D90900077C6D /* Frameworks */ = {
			isa = PBXFrameworksBuildPhase;
			buildActionMask = 2147483647;
			files = (
				751DF7BC22558D7900E9A464 /* Yams.framework in Frameworks */,
			);
			runOnlyForDeploymentPostprocessing = 0;
		};
/* End PBXFrameworksBuildPhase section */

/* Begin PBXGroup section */
		751DF7BD225592AB00E9A464 /* Commands */ = {
			isa = PBXGroup;
			children = (
				751DF97B22559DD800E9A464 /* InitCommand.swift */,
				7563DC6B22592644007E5184 /* InstallCommand.swift */,
				7563DC6D225ACFFE007E5184 /* RunCommand.swift */,
			);
			path = Commands;
			sourceTree = "<group>";
		};
		751DF98322561EBD00E9A464 /* Helpers */ = {
			isa = PBXGroup;
			children = (
				751DF98422561EC700E9A464 /* Bridge.swift */,
			);
			path = Helpers;
			sourceTree = "<group>";
		};
		751DF9862256202100E9A464 /* Helpers */ = {
			isa = PBXGroup;
			children = (
				75F9312F2256DC0900DCC7B1 /* CommandError.swift */,
			);
			path = Helpers;
			sourceTree = "<group>";
		};
		751DF9892256235200E9A464 /* Utilities */ = {
			isa = PBXGroup;
			children = (
				751DF98A2256236600E9A464 /* Bootstrap.swift */,
				75BF9E75225A7C3900FBD0D3 /* Installer.swift */,
				7563DC6F225AD3EB007E5184 /* HookRunner.swift */,
				7563DC74225B6900007E5184 /* RegexEvaluator.swift */,
				7563DC80225C3FDB007E5184 /* CommandEvaluator.swift */,
			);
			path = Utilities;
			sourceTree = "<group>";
		};
		7563DC77225B7595007E5184 /* Extensions */ = {
			isa = PBXGroup;
			children = (
				7563DC78225B75A1007E5184 /* String+Additions.swift */,
				7563DC7B225B7845007E5184 /* Result+Additions.swift */,
				7563DC7E225B7967007E5184 /* RegexEvaluatorError+String.swift */,
				7563DC82225C41E5007E5184 /* CommandEvaluatorError+String.swift */,
				75F76D0822622C750090BAA3 /* CustomHookEvaluatorError+String.swift */,
			);
			path = Extensions;
			sourceTree = "<group>";
		};
		7563DC84225E07D2007E5184 /* Evaluators */ = {
			isa = PBXGroup;
			children = (
				7563DC85225E07ED007E5184 /* HookEvaluator.swift */,
				75F76D0522622BF00090BAA3 /* CustomHookEvaluator.swift */,
			);
			path = Evaluators;
			sourceTree = "<group>";
		};
		7571A77D2254D7F000077C6D = {
			isa = PBXGroup;
			children = (
				7571A7882254D7F000077C6D /* captain */,
				7571A79D2254D90900077C6D /* CaptainKit */,
				7571A7872254D7F000077C6D /* Products */,
			);
			indentWidth = 4;
			sourceTree = "<group>";
			tabWidth = 4;
			usesTabs = 0;
		};
		7571A7872254D7F000077C6D /* Products */ = {
			isa = PBXGroup;
			children = (
				7571A7862254D7F000077C6D /* captain.app */,
				7571A79C2254D90900077C6D /* CaptainKit.framework */,
			);
			name = Products;
			sourceTree = "<group>";
		};
		7571A7882254D7F000077C6D /* captain */ = {
			isa = PBXGroup;
			children = (
				75F931312256E8BC00DCC7B1 /* Extensions */,
				751DF9862256202100E9A464 /* Helpers */,
				751DF7BD225592AB00E9A464 /* Commands */,
				7571A7CE22557D2500077C6D /* Supporting Files */,
				7571A7A92254DE1300077C6D /* main.swift */,
			);
			name = captain;
			path = Sources/captain;
			sourceTree = "<group>";
		};
		7571A79D2254D90900077C6D /* CaptainKit */ = {
			isa = PBXGroup;
			children = (
				7563DC84225E07D2007E5184 /* Evaluators */,
				7563DC77225B7595007E5184 /* Extensions */,
				75BF9E77225A803D00FBD0D3 /* Models */,
				751DF9892256235200E9A464 /* Utilities */,
				751DF98322561EBD00E9A464 /* Helpers */,
				7571A7D022557D5A00077C6D /* Supporting Files */,
			);
			name = CaptainKit;
			path = Sources/CaptainKit;
			sourceTree = "<group>";
		};
		7571A7CE22557D2500077C6D /* Supporting Files */ = {
			isa = PBXGroup;
			children = (
				751DF9802255A47000E9A464 /* Curry.framework */,
				751DF7B522558D0C00E9A464 /* Commandant.framework */,
				7571A7902254D7F100077C6D /* Info.plist */,
			);
			path = "Supporting Files";
			sourceTree = "<group>";
		};
		7571A7D022557D5A00077C6D /* Supporting Files */ = {
			isa = PBXGroup;
			children = (
				751DF7B622558D0F00E9A464 /* Yams.framework */,
				7571A79F2254D90900077C6D /* Info.plist */,
			);
			path = "Supporting Files";
			sourceTree = "<group>";
		};
		75BF9E77225A803D00FBD0D3 /* Models */ = {
			isa = PBXGroup;
			children = (
				75BF9E78225A804700FBD0D3 /* Config.swift */,
				75BF9E7F225A86B200FBD0D3 /* GitHook.swift */,
			);
			path = Models;
			sourceTree = "<group>";
		};
		75F931312256E8BC00DCC7B1 /* Extensions */ = {
			isa = PBXGroup;
			children = (
				75F931322256E8D200DCC7B1 /* BootstrapError+String.swift */,
				751DF9872256203A00E9A464 /* NSString+Path.swift */,
				75BF9E7D225A84D000FBD0D3 /* InstallerError+String.swift */,
				7563DC72225AD4F7007E5184 /* HookRunnerError+String.swift */,
			);
			path = Extensions;
			sourceTree = "<group>";
		};
/* End PBXGroup section */

/* Begin PBXHeadersBuildPhase section */
		7571A7972254D90900077C6D /* Headers */ = {
			isa = PBXHeadersBuildPhase;
			buildActionMask = 2147483647;
			files = (
			);
			runOnlyForDeploymentPostprocessing = 0;
		};
/* End PBXHeadersBuildPhase section */

/* Begin PBXNativeTarget section */
		7571A7852254D7F000077C6D /* captain */ = {
			isa = PBXNativeTarget;
			buildConfigurationList = 7571A7942254D7F100077C6D /* Build configuration list for PBXNativeTarget "captain" */;
			buildPhases = (
				7571A7822254D7F000077C6D /* Sources */,
				7571A7832254D7F000077C6D /* Frameworks */,
				7571A7842254D7F000077C6D /* Resources */,
				7571A7A82254D90900077C6D /* Embed Frameworks */,
				751DF7C0225593A100E9A464 /* Run SwiftLint */,
			);
			buildRules = (
			);
			dependencies = (
				7571A7A22254D90900077C6D /* PBXTargetDependency */,
			);
			name = captain;
			productName = captain;
			productReference = 7571A7862254D7F000077C6D /* captain.app */;
			productType = "com.apple.product-type.application";
		};
		7571A79B2254D90900077C6D /* CaptainKit */ = {
			isa = PBXNativeTarget;
			buildConfigurationList = 7571A7A52254D90900077C6D /* Build configuration list for PBXNativeTarget "CaptainKit" */;
			buildPhases = (
				7571A7972254D90900077C6D /* Headers */,
				7571A7982254D90900077C6D /* Sources */,
				7571A7992254D90900077C6D /* Frameworks */,
				7571A79A2254D90900077C6D /* Resources */,
			);
			buildRules = (
			);
			dependencies = (
			);
			name = CaptainKit;
			productName = CaptainKit;
			productReference = 7571A79C2254D90900077C6D /* CaptainKit.framework */;
			productType = "com.apple.product-type.framework";
		};
/* End PBXNativeTarget section */

/* Begin PBXProject section */
		7571A77E2254D7F000077C6D /* Project object */ = {
			isa = PBXProject;
			attributes = {
				LastSwiftUpdateCheck = 1010;
				LastUpgradeCheck = 1010;
				ORGANIZATIONNAME = "Dalton Claybrook";
				TargetAttributes = {
					7571A7852254D7F000077C6D = {
						CreatedOnToolsVersion = 10.1;
						LastSwiftMigration = 1020;
					};
					7571A79B2254D90900077C6D = {
						CreatedOnToolsVersion = 10.1;
						LastSwiftMigration = 1020;
					};
				};
			};
			buildConfigurationList = 7571A7812254D7F000077C6D /* Build configuration list for PBXProject "Captain" */;
			compatibilityVersion = "Xcode 9.3";
			developmentRegion = en;
			hasScannedForEncodings = 0;
			knownRegions = (
				en,
				Base,
			);
			mainGroup = 7571A77D2254D7F000077C6D;
			productRefGroup = 7571A7872254D7F000077C6D /* Products */;
			projectDirPath = "";
			projectRoot = "";
			targets = (
				7571A7852254D7F000077C6D /* captain */,
				7571A79B2254D90900077C6D /* CaptainKit */,
			);
		};
/* End PBXProject section */

/* Begin PBXResourcesBuildPhase section */
		7571A7842254D7F000077C6D /* Resources */ = {
			isa = PBXResourcesBuildPhase;
			buildActionMask = 2147483647;
			files = (
			);
			runOnlyForDeploymentPostprocessing = 0;
		};
		7571A79A2254D90900077C6D /* Resources */ = {
			isa = PBXResourcesBuildPhase;
			buildActionMask = 2147483647;
			files = (
			);
			runOnlyForDeploymentPostprocessing = 0;
		};
/* End PBXResourcesBuildPhase section */

/* Begin PBXShellScriptBuildPhase section */
		751DF7C0225593A100E9A464 /* Run SwiftLint */ = {
			isa = PBXShellScriptBuildPhase;
			buildActionMask = 2147483647;
			files = (
			);
			inputFileListPaths = (
			);
			inputPaths = (
			);
			name = "Run SwiftLint";
			outputFileListPaths = (
			);
			outputPaths = (
			);
			runOnlyForDeploymentPostprocessing = 0;
			shellPath = /bin/sh;
			shellScript = "if which swiftlint >/dev/null; then\n    swiftlint\nelse\n    echo \"warning: SwiftLint not installed, download from https://github.com/realm/SwiftLint\"\nfi\n";
		};
/* End PBXShellScriptBuildPhase section */

/* Begin PBXSourcesBuildPhase section */
		7571A7822254D7F000077C6D /* Sources */ = {
			isa = PBXSourcesBuildPhase;
			buildActionMask = 2147483647;
			files = (
				7563DC73225AD4F7007E5184 /* HookRunnerError+String.swift in Sources */,
				75F931332256E8D200DCC7B1 /* BootstrapError+String.swift in Sources */,
				751DF9882256203A00E9A464 /* NSString+Path.swift in Sources */,
				7571A7AA2254DE1300077C6D /* main.swift in Sources */,
				7563DC6C22592644007E5184 /* InstallCommand.swift in Sources */,
				75F931302256DC0900DCC7B1 /* CommandError.swift in Sources */,
				751DF97C22559DD800E9A464 /* InitCommand.swift in Sources */,
				75BF9E7E225A84D000FBD0D3 /* InstallerError+String.swift in Sources */,
				7563DC6E225ACFFE007E5184 /* RunCommand.swift in Sources */,
			);
			runOnlyForDeploymentPostprocessing = 0;
		};
		7571A7982254D90900077C6D /* Sources */ = {
			isa = PBXSourcesBuildPhase;
			buildActionMask = 2147483647;
			files = (
				7563DC81225C3FDB007E5184 /* CommandEvaluator.swift in Sources */,
				75F76D0A22622C780090BAA3 /* CustomHookEvaluatorError+String.swift in Sources */,
				7563DC7D225B7888007E5184 /* Result+Additions.swift in Sources */,
				7563DC76225B7592007E5184 /* RegexEvaluator.swift in Sources */,
				75BF9E76225A7C3900FBD0D3 /* Installer.swift in Sources */,
				7563DC7A225B75C9007E5184 /* String+Additions.swift in Sources */,
				75BF9E79225A804700FBD0D3 /* Config.swift in Sources */,
				7563DC86225E07EE007E5184 /* HookEvaluator.swift in Sources */,
				751DF98D2256254500E9A464 /* Bridge.swift in Sources */,
				7563DC83225C41E5007E5184 /* CommandEvaluatorError+String.swift in Sources */,
				75F76D0722622C020090BAA3 /* CustomHookEvaluator.swift in Sources */,
				7563DC7F225B7967007E5184 /* RegexEvaluatorError+String.swift in Sources */,
				751DF98C225624CD00E9A464 /* Bootstrap.swift in Sources */,
				7563DC71225AD4E9007E5184 /* HookRunner.swift in Sources */,
				75BF9E81225A883900FBD0D3 /* GitHook.swift in Sources */,
			);
			runOnlyForDeploymentPostprocessing = 0;
		};
/* End PBXSourcesBuildPhase section */

/* Begin PBXTargetDependency section */
		7571A7A22254D90900077C6D /* PBXTargetDependency */ = {
			isa = PBXTargetDependency;
			target = 7571A79B2254D90900077C6D /* CaptainKit */;
			targetProxy = 7571A7A12254D90900077C6D /* PBXContainerItemProxy */;
		};
/* End PBXTargetDependency section */

/* Begin XCBuildConfiguration section */
		7571A7922254D7F100077C6D /* Debug */ = {
			isa = XCBuildConfiguration;
			buildSettings = {
				ALWAYS_SEARCH_USER_PATHS = NO;
				CLANG_ANALYZER_NONNULL = YES;
				CLANG_ANALYZER_NUMBER_OBJECT_CONVERSION = YES_AGGRESSIVE;
				CLANG_CXX_LANGUAGE_STANDARD = "gnu++14";
				CLANG_CXX_LIBRARY = "libc++";
				CLANG_ENABLE_MODULES = YES;
				CLANG_ENABLE_OBJC_ARC = YES;
				CLANG_ENABLE_OBJC_WEAK = YES;
				CLANG_WARN_BLOCK_CAPTURE_AUTORELEASING = YES;
				CLANG_WARN_BOOL_CONVERSION = YES;
				CLANG_WARN_COMMA = YES;
				CLANG_WARN_CONSTANT_CONVERSION = YES;
				CLANG_WARN_DEPRECATED_OBJC_IMPLEMENTATIONS = YES;
				CLANG_WARN_DIRECT_OBJC_ISA_USAGE = YES_ERROR;
				CLANG_WARN_DOCUMENTATION_COMMENTS = YES;
				CLANG_WARN_EMPTY_BODY = YES;
				CLANG_WARN_ENUM_CONVERSION = YES;
				CLANG_WARN_INFINITE_RECURSION = YES;
				CLANG_WARN_INT_CONVERSION = YES;
				CLANG_WARN_NON_LITERAL_NULL_CONVERSION = YES;
				CLANG_WARN_OBJC_IMPLICIT_RETAIN_SELF = YES;
				CLANG_WARN_OBJC_LITERAL_CONVERSION = YES;
				CLANG_WARN_OBJC_ROOT_CLASS = YES_ERROR;
				CLANG_WARN_RANGE_LOOP_ANALYSIS = YES;
				CLANG_WARN_STRICT_PROTOTYPES = YES;
				CLANG_WARN_SUSPICIOUS_MOVE = YES;
				CLANG_WARN_UNGUARDED_AVAILABILITY = YES_AGGRESSIVE;
				CLANG_WARN_UNREACHABLE_CODE = YES;
				CLANG_WARN__DUPLICATE_METHOD_MATCH = YES;
				CODE_SIGN_IDENTITY = "";
				CODE_SIGN_STYLE = Automatic;
				COPY_PHASE_STRIP = NO;
				DEBUG_INFORMATION_FORMAT = dwarf;
				ENABLE_STRICT_OBJC_MSGSEND = YES;
				ENABLE_TESTABILITY = YES;
				GCC_C_LANGUAGE_STANDARD = gnu11;
				GCC_DYNAMIC_NO_PIC = NO;
				GCC_NO_COMMON_BLOCKS = YES;
				GCC_OPTIMIZATION_LEVEL = 0;
				GCC_PREPROCESSOR_DEFINITIONS = (
					"DEBUG=1",
					"$(inherited)",
				);
				GCC_WARN_64_TO_32_BIT_CONVERSION = YES;
				GCC_WARN_ABOUT_RETURN_TYPE = YES_ERROR;
				GCC_WARN_UNDECLARED_SELECTOR = YES;
				GCC_WARN_UNINITIALIZED_AUTOS = YES_AGGRESSIVE;
				GCC_WARN_UNUSED_FUNCTION = YES;
				GCC_WARN_UNUSED_VARIABLE = YES;
				MACOSX_DEPLOYMENT_TARGET = 10.14;
				MTL_ENABLE_DEBUG_INFO = INCLUDE_SOURCE;
				MTL_FAST_MATH = YES;
				ONLY_ACTIVE_ARCH = YES;
				SDKROOT = macosx;
				SWIFT_ACTIVE_COMPILATION_CONDITIONS = DEBUG;
				SWIFT_OPTIMIZATION_LEVEL = "-Onone";
				SWIFT_VERSION = 5.0;
			};
			name = Debug;
		};
		7571A7932254D7F100077C6D /* Release */ = {
			isa = XCBuildConfiguration;
			buildSettings = {
				ALWAYS_SEARCH_USER_PATHS = NO;
				CLANG_ANALYZER_NONNULL = YES;
				CLANG_ANALYZER_NUMBER_OBJECT_CONVERSION = YES_AGGRESSIVE;
				CLANG_CXX_LANGUAGE_STANDARD = "gnu++14";
				CLANG_CXX_LIBRARY = "libc++";
				CLANG_ENABLE_MODULES = YES;
				CLANG_ENABLE_OBJC_ARC = YES;
				CLANG_ENABLE_OBJC_WEAK = YES;
				CLANG_WARN_BLOCK_CAPTURE_AUTORELEASING = YES;
				CLANG_WARN_BOOL_CONVERSION = YES;
				CLANG_WARN_COMMA = YES;
				CLANG_WARN_CONSTANT_CONVERSION = YES;
				CLANG_WARN_DEPRECATED_OBJC_IMPLEMENTATIONS = YES;
				CLANG_WARN_DIRECT_OBJC_ISA_USAGE = YES_ERROR;
				CLANG_WARN_DOCUMENTATION_COMMENTS = YES;
				CLANG_WARN_EMPTY_BODY = YES;
				CLANG_WARN_ENUM_CONVERSION = YES;
				CLANG_WARN_INFINITE_RECURSION = YES;
				CLANG_WARN_INT_CONVERSION = YES;
				CLANG_WARN_NON_LITERAL_NULL_CONVERSION = YES;
				CLANG_WARN_OBJC_IMPLICIT_RETAIN_SELF = YES;
				CLANG_WARN_OBJC_LITERAL_CONVERSION = YES;
				CLANG_WARN_OBJC_ROOT_CLASS = YES_ERROR;
				CLANG_WARN_RANGE_LOOP_ANALYSIS = YES;
				CLANG_WARN_STRICT_PROTOTYPES = YES;
				CLANG_WARN_SUSPICIOUS_MOVE = YES;
				CLANG_WARN_UNGUARDED_AVAILABILITY = YES_AGGRESSIVE;
				CLANG_WARN_UNREACHABLE_CODE = YES;
				CLANG_WARN__DUPLICATE_METHOD_MATCH = YES;
				CODE_SIGN_IDENTITY = "";
				CODE_SIGN_STYLE = Automatic;
				COPY_PHASE_STRIP = NO;
				DEBUG_INFORMATION_FORMAT = "dwarf-with-dsym";
				ENABLE_NS_ASSERTIONS = NO;
				ENABLE_STRICT_OBJC_MSGSEND = YES;
				GCC_C_LANGUAGE_STANDARD = gnu11;
				GCC_NO_COMMON_BLOCKS = YES;
				GCC_WARN_64_TO_32_BIT_CONVERSION = YES;
				GCC_WARN_ABOUT_RETURN_TYPE = YES_ERROR;
				GCC_WARN_UNDECLARED_SELECTOR = YES;
				GCC_WARN_UNINITIALIZED_AUTOS = YES_AGGRESSIVE;
				GCC_WARN_UNUSED_FUNCTION = YES;
				GCC_WARN_UNUSED_VARIABLE = YES;
				MACOSX_DEPLOYMENT_TARGET = 10.14;
				MTL_ENABLE_DEBUG_INFO = NO;
				MTL_FAST_MATH = YES;
				SDKROOT = macosx;
				SWIFT_COMPILATION_MODE = wholemodule;
				SWIFT_OPTIMIZATION_LEVEL = "-O";
				SWIFT_VERSION = 5.0;
			};
			name = Release;
		};
		7571A7952254D7F100077C6D /* Debug */ = {
			isa = XCBuildConfiguration;
			buildSettings = {
				ALWAYS_EMBED_SWIFT_STANDARD_LIBRARIES = YES;
				CLANG_ENABLE_MODULES = YES;
				CODE_SIGN_IDENTITY = "";
				CODE_SIGN_STYLE = Manual;
				COMBINE_HIDPI_IMAGES = YES;
				DEVELOPMENT_TEAM = "";
				INFOPLIST_FILE = "Sources/captain/Supporting Files/Info.plist";
				LD_RUNPATH_SEARCH_PATHS = (
					"$(inherited)",
					"@executable_path/../Frameworks",
				);
				PRODUCT_BUNDLE_IDENTIFIER = com.daltonclaybrook.captain;
				PRODUCT_NAME = "$(TARGET_NAME)";
				PROVISIONING_PROFILE_SPECIFIER = "";
				SWIFT_OPTIMIZATION_LEVEL = "-Onone";
			};
			name = Debug;
		};
		7571A7962254D7F100077C6D /* Release */ = {
			isa = XCBuildConfiguration;
			buildSettings = {
				ALWAYS_EMBED_SWIFT_STANDARD_LIBRARIES = YES;
				CLANG_ENABLE_MODULES = YES;
				CODE_SIGN_IDENTITY = "";
				CODE_SIGN_STYLE = Manual;
				COMBINE_HIDPI_IMAGES = YES;
				DEVELOPMENT_TEAM = "";
				INFOPLIST_FILE = "Sources/captain/Supporting Files/Info.plist";
				LD_RUNPATH_SEARCH_PATHS = (
					"$(inherited)",
					"@executable_path/../Frameworks",
				);
				PRODUCT_BUNDLE_IDENTIFIER = com.daltonclaybrook.captain;
				PRODUCT_NAME = "$(TARGET_NAME)";
				PROVISIONING_PROFILE_SPECIFIER = "";
			};
			name = Release;
		};
		7571A7A62254D90900077C6D /* Debug */ = {
			isa = XCBuildConfiguration;
			buildSettings = {
				CLANG_ENABLE_MODULES = YES;
				CODE_SIGN_STYLE = Manual;
				COMBINE_HIDPI_IMAGES = YES;
				CURRENT_PROJECT_VERSION = 1;
				DEFINES_MODULE = YES;
				DEVELOPMENT_TEAM = "";
				DYLIB_COMPATIBILITY_VERSION = 1;
				DYLIB_CURRENT_VERSION = 1;
				DYLIB_INSTALL_NAME_BASE = "@rpath";
				FRAMEWORK_VERSION = A;
				INFOPLIST_FILE = "Sources/CaptainKit/Supporting Files/Info.plist";
				INSTALL_PATH = "$(LOCAL_LIBRARY_DIR)/Frameworks";
				LD_RUNPATH_SEARCH_PATHS = (
					"$(inherited)",
					"@executable_path/../Frameworks",
					"@loader_path/Frameworks",
				);
				PRODUCT_BUNDLE_IDENTIFIER = com.daltonclaybrook.CaptainKit;
				PRODUCT_NAME = "$(TARGET_NAME:c99extidentifier)";
				PROVISIONING_PROFILE_SPECIFIER = "";
				SKIP_INSTALL = YES;
				SWIFT_OPTIMIZATION_LEVEL = "-Onone";
				VERSIONING_SYSTEM = "apple-generic";
				VERSION_INFO_PREFIX = "";
			};
			name = Debug;
		};
		7571A7A72254D90900077C6D /* Release */ = {
			isa = XCBuildConfiguration;
			buildSettings = {
				CLANG_ENABLE_MODULES = YES;
				CODE_SIGN_STYLE = Manual;
				COMBINE_HIDPI_IMAGES = YES;
				CURRENT_PROJECT_VERSION = 1;
				DEFINES_MODULE = YES;
				DEVELOPMENT_TEAM = "";
				DYLIB_COMPATIBILITY_VERSION = 1;
				DYLIB_CURRENT_VERSION = 1;
				DYLIB_INSTALL_NAME_BASE = "@rpath";
				FRAMEWORK_VERSION = A;
				INFOPLIST_FILE = "Sources/CaptainKit/Supporting Files/Info.plist";
				INSTALL_PATH = "$(LOCAL_LIBRARY_DIR)/Frameworks";
				LD_RUNPATH_SEARCH_PATHS = (
					"$(inherited)",
					"@executable_path/../Frameworks",
					"@loader_path/Frameworks",
				);
				PRODUCT_BUNDLE_IDENTIFIER = com.daltonclaybrook.CaptainKit;
				PRODUCT_NAME = "$(TARGET_NAME:c99extidentifier)";
				PROVISIONING_PROFILE_SPECIFIER = "";
				SKIP_INSTALL = YES;
				VERSIONING_SYSTEM = "apple-generic";
				VERSION_INFO_PREFIX = "";
			};
			name = Release;
		};
/* End XCBuildConfiguration section */

/* Begin XCConfigurationList section */
		7571A7812254D7F000077C6D /* Build configuration list for PBXProject "Captain" */ = {
			isa = XCConfigurationList;
			buildConfigurations = (
				7571A7922254D7F100077C6D /* Debug */,
				7571A7932254D7F100077C6D /* Release */,
			);
			defaultConfigurationIsVisible = 0;
			defaultConfigurationName = Release;
		};
		7571A7942254D7F100077C6D /* Build configuration list for PBXNativeTarget "captain" */ = {
			isa = XCConfigurationList;
			buildConfigurations = (
				7571A7952254D7F100077C6D /* Debug */,
				7571A7962254D7F100077C6D /* Release */,
			);
			defaultConfigurationIsVisible = 0;
			defaultConfigurationName = Release;
		};
		7571A7A52254D90900077C6D /* Build configuration list for PBXNativeTarget "CaptainKit" */ = {
			isa = XCConfigurationList;
			buildConfigurations = (
				7571A7A62254D90900077C6D /* Debug */,
				7571A7A72254D90900077C6D /* Release */,
			);
			defaultConfigurationIsVisible = 0;
			defaultConfigurationName = Release;
		};
/* End XCConfigurationList section */
	};
	rootObject = 7571A77E2254D7F000077C6D /* Project object */;
}
